
Microsoft Visual Studio Solution File, Format Version 12.00
# Visual Studio Version 17
VisualStudioVersion = 17.11.35312.102
MinimumVisualStudioVersion = 10.0.40219.1
Project("{9A19103F-16F7-4668-BE54-9A1E7A4F7556}") = "TradingEngine", "TradingEngine.csproj", "{CF15794C-0958-410F-8B28-61E913FE0511}"
EndProject
Project("{FAE04EC0-301F-11D3-BF4B-00C04F79EFBC}") = "LoggingCS", "..\LoggingCS\LoggingCS\LoggingCS.csproj", "{261757CA-F74F-4C0D-827C-122713D57692}"
EndProject
Global
	GlobalSection(SolutionConfigurationPlatforms) = preSolution
		Debug|Any CPU = Debug|Any CPU
		Release|Any CPU = Release|Any CPU
	EndGlobalSection
	GlobalSection(ProjectConfigurationPlatforms) = postSolution
		{CF15794C-0958-410F-8B28-61E913FE0511}.Debug|Any CPU.ActiveCfg = Debug|Any CPU
		{CF15794C-0958-410F-8B28-61E913FE0511}.Debug|Any CPU.Build.0 = Debug|Any CPU
		{CF15794C-0958-410F-8B28-61E913FE0511}.Release|Any CPU.ActiveCfg = Release|Any CPU
		{CF15794C-0958-410F-8B28-61E913FE0511}.Release|Any CPU.Build.0 = Release|Any CPU
		{261757CA-F74F-4C0D-827C-122713D57692}.Debug|Any CPU.ActiveCfg = Debug|Any CPU
		{261757CA-F74F-4C0D-827C-122713D57692}.Debug|Any CPU.Build.0 = Debug|Any CPU
		{261757CA-F74F-4C0D-827C-122713D57692}.Release|Any CPU.ActiveCfg = Release|Any CPU
		{261757CA-F74F-4C0D-827C-122713D57692}.Release|Any CPU.Build.0 = Release|Any CPU
	EndGlobalSection
	GlobalSection(SolutionProperties) = preSolution
		HideSolutionNode = FALSE
	EndGlobalSection
	GlobalSection(ExtensibilityGlobals) = postSolution
		SolutionGuid = {F56695E0-AD94-49FB-AF00-EFDFF2A321C6}
	EndGlobalSection
EndGlobal
